// !$*UTF8*$!
{
	archiveVersion = 1;
	classes = {
	};
	objectVersion = 46;
	objects = {

/* Begin PBXBuildFile section */
		B5CD7F0B1EC728EE0010EAE9 /* String+Extensions.swift in Sources */ = {isa = PBXBuildFile; fileRef = B5CD7F0A1EC728EE0010EAE9 /* String+Extensions.swift */; };
		B5CD7F0D1EC729100010EAE9 /* AWSAccount.swift in Sources */ = {isa = PBXBuildFile; fileRef = B5CD7F0C1EC729100010EAE9 /* AWSAccount.swift */; };
		OBJ_32 /* Crypto.swift in Sources */ = {isa = PBXBuildFile; fileRef = OBJ_13 /* Crypto.swift */; };
		OBJ_33 /* Cryptor.swift in Sources */ = {isa = PBXBuildFile; fileRef = OBJ_14 /* Cryptor.swift */; };
		OBJ_34 /* Digest.swift in Sources */ = {isa = PBXBuildFile; fileRef = OBJ_15 /* Digest.swift */; };
		OBJ_35 /* HMAC.swift in Sources */ = {isa = PBXBuildFile; fileRef = OBJ_16 /* HMAC.swift */; };
		OBJ_36 /* KeyDerivation.swift in Sources */ = {isa = PBXBuildFile; fileRef = OBJ_17 /* KeyDerivation.swift */; };
		OBJ_37 /* Random.swift in Sources */ = {isa = PBXBuildFile; fileRef = OBJ_18 /* Random.swift */; };
		OBJ_38 /* Status.swift in Sources */ = {isa = PBXBuildFile; fileRef = OBJ_19 /* Status.swift */; };
		OBJ_39 /* StreamCryptor.swift in Sources */ = {isa = PBXBuildFile; fileRef = OBJ_20 /* StreamCryptor.swift */; };
		OBJ_40 /* Updatable.swift in Sources */ = {isa = PBXBuildFile; fileRef = OBJ_21 /* Updatable.swift */; };
		OBJ_41 /* Utilities.swift in Sources */ = {isa = PBXBuildFile; fileRef = OBJ_22 /* Utilities.swift */; };
		OBJ_48 /* URLRequest+AWSAccountSigning.swift in Sources */ = {isa = PBXBuildFile; fileRef = OBJ_8 /* URLRequest+AWSAccountSigning.swift */; };
		OBJ_50 /* Cryptor.framework in Frameworks */ = {isa = PBXBuildFile; fileRef = OBJ_25 /* Cryptor.framework */; };
/* End PBXBuildFile section */

/* Begin PBXContainerItemProxy section */
		B5CD7F091EC717750010EAE9 /* PBXContainerItemProxy */ = {
			isa = PBXContainerItemProxy;
			containerPortal = OBJ_1 /* Project object */;
			proxyType = 1;
			remoteGlobalIDString = OBJ_27;
			remoteInfo = Cryptor;
		};
/* End PBXContainerItemProxy section */

/* Begin PBXFileReference section */
		B5CD7F0A1EC728EE0010EAE9 /* String+Extensions.swift */ = {isa = PBXFileReference; fileEncoding = 4; lastKnownFileType = sourcecode.swift; path = "String+Extensions.swift"; sourceTree = "<group>"; };
		B5CD7F0C1EC729100010EAE9 /* AWSAccount.swift */ = {isa = PBXFileReference; fileEncoding = 4; lastKnownFileType = sourcecode.swift; path = AWSAccount.swift; sourceTree = "<group>"; };
		OBJ_10 /* DerivedData */ = {isa = PBXFileReference; lastKnownFileType = folder; path = DerivedData; sourceTree = SOURCE_ROOT; };
		OBJ_13 /* Crypto.swift */ = {isa = PBXFileReference; lastKnownFileType = sourcecode.swift; path = Crypto.swift; sourceTree = "<group>"; };
		OBJ_14 /* Cryptor.swift */ = {isa = PBXFileReference; lastKnownFileType = sourcecode.swift; path = Cryptor.swift; sourceTree = "<group>"; };
		OBJ_15 /* Digest.swift */ = {isa = PBXFileReference; lastKnownFileType = sourcecode.swift; path = Digest.swift; sourceTree = "<group>"; };
		OBJ_16 /* HMAC.swift */ = {isa = PBXFileReference; lastKnownFileType = sourcecode.swift; path = HMAC.swift; sourceTree = "<group>"; };
		OBJ_17 /* KeyDerivation.swift */ = {isa = PBXFileReference; lastKnownFileType = sourcecode.swift; path = KeyDerivation.swift; sourceTree = "<group>"; };
		OBJ_18 /* Random.swift */ = {isa = PBXFileReference; lastKnownFileType = sourcecode.swift; path = Random.swift; sourceTree = "<group>"; };
		OBJ_19 /* Status.swift */ = {isa = PBXFileReference; lastKnownFileType = sourcecode.swift; path = Status.swift; sourceTree = "<group>"; };
		OBJ_20 /* StreamCryptor.swift */ = {isa = PBXFileReference; lastKnownFileType = sourcecode.swift; path = StreamCryptor.swift; sourceTree = "<group>"; };
		OBJ_21 /* Updatable.swift */ = {isa = PBXFileReference; lastKnownFileType = sourcecode.swift; path = Updatable.swift; sourceTree = "<group>"; };
		OBJ_22 /* Utilities.swift */ = {isa = PBXFileReference; lastKnownFileType = sourcecode.swift; path = Utilities.swift; sourceTree = "<group>"; };
		OBJ_25 /* Cryptor.framework */ = {isa = PBXFileReference; explicitFileType = wrapper.framework; path = Cryptor.framework; sourceTree = BUILT_PRODUCTS_DIR; };
		OBJ_26 /* SwiftAWSSignatureV4.framework */ = {isa = PBXFileReference; lastKnownFileType = wrapper.framework; path = SwiftAWSSignatureV4.framework; sourceTree = BUILT_PRODUCTS_DIR; };
		OBJ_6 /* Package.swift */ = {isa = PBXFileReference; explicitFileType = sourcecode.swift; path = Package.swift; sourceTree = "<group>"; };
		OBJ_8 /* URLRequest+AWSAccountSigning.swift */ = {isa = PBXFileReference; lastKnownFileType = sourcecode.swift; path = "URLRequest+AWSAccountSigning.swift"; sourceTree = "<group>"; };
/* End PBXFileReference section */

/* Begin PBXFrameworksBuildPhase section */
		OBJ_42 /* Frameworks */ = {
			isa = PBXFrameworksBuildPhase;
			buildActionMask = 0;
			files = (
			);
			runOnlyForDeploymentPostprocessing = 0;
		};
		OBJ_49 /* Frameworks */ = {
			isa = PBXFrameworksBuildPhase;
			buildActionMask = 0;
			files = (
				OBJ_50 /* Cryptor.framework in Frameworks */,
			);
			runOnlyForDeploymentPostprocessing = 0;
		};
/* End PBXFrameworksBuildPhase section */

/* Begin PBXGroup section */
		OBJ_11 /* Dependencies */ = {
			isa = PBXGroup;
			children = (
				OBJ_12 /* Cryptor 0.8.9 */,
				OBJ_23 /* CommonCrypto 0.1.4 */,
			);
			name = Dependencies;
			sourceTree = "<group>";
		};
		OBJ_12 /* Cryptor 0.8.9 */ = {
			isa = PBXGroup;
			children = (
				OBJ_13 /* Crypto.swift */,
				OBJ_14 /* Cryptor.swift */,
				OBJ_15 /* Digest.swift */,
				OBJ_16 /* HMAC.swift */,
				OBJ_17 /* KeyDerivation.swift */,
				OBJ_18 /* Random.swift */,
				OBJ_19 /* Status.swift */,
				OBJ_20 /* StreamCryptor.swift */,
				OBJ_21 /* Updatable.swift */,
				OBJ_22 /* Utilities.swift */,
			);
			name = "Cryptor 0.8.9";
			path = ".build/checkouts/BlueCryptor.git-2709167748876642405/Sources";
			sourceTree = SOURCE_ROOT;
		};
		OBJ_23 /* CommonCrypto 0.1.4 */ = {
			isa = PBXGroup;
			children = (
			);
			name = "CommonCrypto 0.1.4";
			path = ".build/checkouts/CommonCrypto.git-1219305460334093717";
			sourceTree = SOURCE_ROOT;
		};
		OBJ_24 /* Products */ = {
			isa = PBXGroup;
			children = (
				OBJ_25 /* Cryptor.framework */,
				OBJ_26 /* SwiftAWSSignatureV4.framework */,
			);
			name = Products;
			sourceTree = BUILT_PRODUCTS_DIR;
		};
		OBJ_5 /*  */ = {
			isa = PBXGroup;
			children = (
				OBJ_6 /* Package.swift */,
				OBJ_7 /* Sources */,
				OBJ_9 /* Tests */,
				OBJ_10 /* DerivedData */,
				OBJ_11 /* Dependencies */,
				OBJ_24 /* Products */,
			);
			name = "";
			sourceTree = "<group>";
		};
		OBJ_7 /* Sources */ = {
			isa = PBXGroup;
			children = (
				OBJ_8 /* URLRequest+AWSAccountSigning.swift */,
				B5CD7F0C1EC729100010EAE9 /* AWSAccount.swift */,
				B5CD7F0A1EC728EE0010EAE9 /* String+Extensions.swift */,
			);
			path = Sources;
			sourceTree = SOURCE_ROOT;
		};
		OBJ_9 /* Tests */ = {
			isa = PBXGroup;
			children = (
			);
			name = Tests;
			sourceTree = SOURCE_ROOT;
		};
/* End PBXGroup section */

/* Begin PBXNativeTarget section */
		OBJ_27 /* Cryptor */ = {
			isa = PBXNativeTarget;
			buildConfigurationList = OBJ_28 /* Build configuration list for PBXNativeTarget "Cryptor" */;
			buildPhases = (
				OBJ_31 /* Sources */,
				OBJ_42 /* Frameworks */,
			);
			buildRules = (
			);
			dependencies = (
			);
			name = Cryptor;
			productName = Cryptor;
			productReference = OBJ_25 /* Cryptor.framework */;
			productType = "com.apple.product-type.framework";
		};
		OBJ_43 /* SwiftAWSSignatureV4 */ = {
			isa = PBXNativeTarget;
			buildConfigurationList = OBJ_44 /* Build configuration list for PBXNativeTarget "SwiftAWSSignatureV4" */;
			buildPhases = (
				OBJ_47 /* Sources */,
				OBJ_49 /* Frameworks */,
			);
			buildRules = (
			);
			dependencies = (
				OBJ_51 /* PBXTargetDependency */,
			);
			name = SwiftAWSSignatureV4;
			productName = SwiftAWSSignatureV4;
			productReference = OBJ_26 /* SwiftAWSSignatureV4.framework */;
			productType = "com.apple.product-type.framework";
		};
/* End PBXNativeTarget section */

/* Begin PBXProject section */
		OBJ_1 /* Project object */ = {
			isa = PBXProject;
			attributes = {
				LastUpgradeCheck = 9999;
			};
			buildConfigurationList = OBJ_2 /* Build configuration list for PBXProject "SwiftAWSSignatureV4" */;
			compatibilityVersion = "Xcode 3.2";
			developmentRegion = English;
			hasScannedForEncodings = 0;
			knownRegions = (
				en,
			);
			mainGroup = OBJ_5 /*  */;
			productRefGroup = OBJ_24 /* Products */;
			projectDirPath = "";
			projectRoot = "";
			targets = (
				OBJ_27 /* Cryptor */,
				OBJ_43 /* SwiftAWSSignatureV4 */,
			);
		};
/* End PBXProject section */

/* Begin PBXSourcesBuildPhase section */
		OBJ_31 /* Sources */ = {
			isa = PBXSourcesBuildPhase;
			buildActionMask = 0;
			files = (
				OBJ_32 /* Crypto.swift in Sources */,
				OBJ_33 /* Cryptor.swift in Sources */,
				OBJ_34 /* Digest.swift in Sources */,
				OBJ_35 /* HMAC.swift in Sources */,
				OBJ_36 /* KeyDerivation.swift in Sources */,
				OBJ_37 /* Random.swift in Sources */,
				OBJ_38 /* Status.swift in Sources */,
				OBJ_39 /* StreamCryptor.swift in Sources */,
				OBJ_40 /* Updatable.swift in Sources */,
				OBJ_41 /* Utilities.swift in Sources */,
			);
			runOnlyForDeploymentPostprocessing = 0;
		};
		OBJ_47 /* Sources */ = {
			isa = PBXSourcesBuildPhase;
			buildActionMask = 0;
			files = (
				B5CD7F0B1EC728EE0010EAE9 /* String+Extensions.swift in Sources */,
				B5CD7F0D1EC729100010EAE9 /* AWSAccount.swift in Sources */,
				OBJ_48 /* URLRequest+AWSAccountSigning.swift in Sources */,
			);
			runOnlyForDeploymentPostprocessing = 0;
		};
/* End PBXSourcesBuildPhase section */

/* Begin PBXTargetDependency section */
		OBJ_51 /* PBXTargetDependency */ = {
			isa = PBXTargetDependency;
			target = OBJ_27 /* Cryptor */;
			targetProxy = B5CD7F091EC717750010EAE9 /* PBXContainerItemProxy */;
		};
/* End PBXTargetDependency section */

/* Begin XCBuildConfiguration section */
		OBJ_29 /* Debug */ = {
			isa = XCBuildConfiguration;
			buildSettings = {
				ENABLE_TESTABILITY = YES;
				FRAMEWORK_SEARCH_PATHS = (
					"$(inherited)",
					"$(PLATFORM_DIR)/Developer/Library/Frameworks",
				);
				HEADER_SEARCH_PATHS = (
					"$(inherited)",
					"$(SRCROOT)/.build/checkouts/CommonCrypto.git-1219305460334093717",
				);
				INFOPLIST_FILE = SwiftAWSSignatureV4.xcodeproj/Cryptor_Info.plist;
				LD_RUNPATH_SEARCH_PATHS = "$(TOOLCHAIN_DIR)/usr/lib/swift/macosx";
				OTHER_LDFLAGS = "$(inherited)";
				OTHER_SWIFT_FLAGS = "$(inherited)";
				PRODUCT_BUNDLE_IDENTIFIER = Cryptor;
				PRODUCT_MODULE_NAME = "$(TARGET_NAME:c99extidentifier)";
				PRODUCT_NAME = "$(TARGET_NAME:c99extidentifier)";
				SKIP_INSTALL = YES;
				TARGET_NAME = Cryptor;
			};
			name = Debug;
		};
		OBJ_3 /* Debug */ = {
			isa = XCBuildConfiguration;
			buildSettings = {
				CLANG_ENABLE_OBJC_ARC = YES;
				COMBINE_HIDPI_IMAGES = YES;
				COPY_PHASE_STRIP = NO;
				DEBUG_INFORMATION_FORMAT = dwarf;
				DYLIB_INSTALL_NAME_BASE = "@rpath";
				ENABLE_NS_ASSERTIONS = YES;
				GCC_OPTIMIZATION_LEVEL = 0;
				MACOSX_DEPLOYMENT_TARGET = 10.10;
				ONLY_ACTIVE_ARCH = YES;
				OTHER_SWIFT_FLAGS = "-DXcode";
				PRODUCT_NAME = "$(TARGET_NAME)";
				SDKROOT = macosx;
				SUPPORTED_PLATFORMS = "macosx iphoneos iphonesimulator appletvos appletvsimulator watchos watchsimulator";
				SWIFT_ACTIVE_COMPILATION_CONDITIONS = SWIFT_PACKAGE;
				SWIFT_OPTIMIZATION_LEVEL = "-Onone";
				SWIFT_VERSION = 3.0;
				USE_HEADERMAP = NO;
			};
			name = Debug;
		};
		OBJ_30 /* Release */ = {
			isa = XCBuildConfiguration;
			buildSettings = {
				ENABLE_TESTABILITY = YES;
				FRAMEWORK_SEARCH_PATHS = (
					"$(inherited)",
					"$(PLATFORM_DIR)/Developer/Library/Frameworks",
				);
				HEADER_SEARCH_PATHS = (
					"$(inherited)",
					"$(SRCROOT)/.build/checkouts/CommonCrypto.git-1219305460334093717",
				);
				INFOPLIST_FILE = SwiftAWSSignatureV4.xcodeproj/Cryptor_Info.plist;
				LD_RUNPATH_SEARCH_PATHS = "$(TOOLCHAIN_DIR)/usr/lib/swift/macosx";
				OTHER_LDFLAGS = "$(inherited)";
				OTHER_SWIFT_FLAGS = "$(inherited)";
				PRODUCT_BUNDLE_IDENTIFIER = Cryptor;
				PRODUCT_MODULE_NAME = "$(TARGET_NAME:c99extidentifier)";
				PRODUCT_NAME = "$(TARGET_NAME:c99extidentifier)";
				SKIP_INSTALL = YES;
				TARGET_NAME = Cryptor;
			};
			name = Release;
		};
		OBJ_4 /* Release */ = {
			isa = XCBuildConfiguration;
			buildSettings = {
				CLANG_ENABLE_OBJC_ARC = YES;
				COMBINE_HIDPI_IMAGES = YES;
				COPY_PHASE_STRIP = YES;
				DEBUG_INFORMATION_FORMAT = "dwarf-with-dsym";
				DYLIB_INSTALL_NAME_BASE = "@rpath";
				GCC_OPTIMIZATION_LEVEL = s;
				MACOSX_DEPLOYMENT_TARGET = 10.10;
				OTHER_SWIFT_FLAGS = "-DXcode";
				PRODUCT_NAME = "$(TARGET_NAME)";
				SDKROOT = macosx;
				SUPPORTED_PLATFORMS = "macosx iphoneos iphonesimulator appletvos appletvsimulator watchos watchsimulator";
				SWIFT_ACTIVE_COMPILATION_CONDITIONS = SWIFT_PACKAGE;
				SWIFT_OPTIMIZATION_LEVEL = "-Owholemodule";
				SWIFT_VERSION = 3.0;
				USE_HEADERMAP = NO;
			};
			name = Release;
		};
		OBJ_45 /* Debug */ = {
			isa = XCBuildConfiguration;
			buildSettings = {
				ENABLE_TESTABILITY = YES;
				FRAMEWORK_SEARCH_PATHS = (
					"$(inherited)",
					"$(PLATFORM_DIR)/Developer/Library/Frameworks",
				);
				HEADER_SEARCH_PATHS = (
					"$(inherited)",
					"$(SRCROOT)/.build/checkouts/CommonCrypto.git-1219305460334093717",
				);
				INFOPLIST_FILE = SwiftAWSSignatureV4.xcodeproj/SwiftAWSSignatureV4_Info.plist;
				LD_RUNPATH_SEARCH_PATHS = "$(TOOLCHAIN_DIR)/usr/lib/swift/macosx";
				OTHER_LDFLAGS = "$(inherited)";
				OTHER_SWIFT_FLAGS = "$(inherited)";
				PRODUCT_BUNDLE_IDENTIFIER = SwiftAWSSignatureV4;
				PRODUCT_MODULE_NAME = "$(TARGET_NAME:c99extidentifier)";
				PRODUCT_NAME = "$(TARGET_NAME:c99extidentifier)";
				SKIP_INSTALL = YES;
				TARGET_NAME = SwiftAWSSignatureV4;
			};
			name = Debug;
		};
		OBJ_46 /* Release */ = {
			isa = XCBuildConfiguration;
			buildSettings = {
				ENABLE_TESTABILITY = YES;
				FRAMEWORK_SEARCH_PATHS = (
					"$(inherited)",
					"$(PLATFORM_DIR)/Developer/Library/Frameworks",
				);
				HEADER_SEARCH_PATHS = (
					"$(inherited)",
					"$(SRCROOT)/.build/checkouts/CommonCrypto.git-1219305460334093717",
				);
				INFOPLIST_FILE = SwiftAWSSignatureV4.xcodeproj/SwiftAWSSignatureV4_Info.plist;
				LD_RUNPATH_SEARCH_PATHS = "$(TOOLCHAIN_DIR)/usr/lib/swift/macosx";
				OTHER_LDFLAGS = "$(inherited)";
				OTHER_SWIFT_FLAGS = "$(inherited)";
				PRODUCT_BUNDLE_IDENTIFIER = SwiftAWSSignatureV4;
				PRODUCT_MODULE_NAME = "$(TARGET_NAME:c99extidentifier)";
				PRODUCT_NAME = "$(TARGET_NAME:c99extidentifier)";
				SKIP_INSTALL = YES;
				TARGET_NAME = SwiftAWSSignatureV4;
			};
			name = Release;
		};
/* End XCBuildConfiguration section */

/* Begin XCConfigurationList section */
		OBJ_2 /* Build configuration list for PBXProject "SwiftAWSSignatureV4" */ = {
			isa = XCConfigurationList;
			buildConfigurations = (
				OBJ_3 /* Debug */,
				OBJ_4 /* Release */,
			);
			defaultConfigurationIsVisible = 0;
			defaultConfigurationName = Debug;
		};
		OBJ_28 /* Build configuration list for PBXNativeTarget "Cryptor" */ = {
			isa = XCConfigurationList;
			buildConfigurations = (
				OBJ_29 /* Debug */,
				OBJ_30 /* Release */,
			);
			defaultConfigurationIsVisible = 0;
			defaultConfigurationName = Debug;
		};
		OBJ_44 /* Build configuration list for PBXNativeTarget "SwiftAWSSignatureV4" */ = {
			isa = XCConfigurationList;
			buildConfigurations = (
				OBJ_45 /* Debug */,
				OBJ_46 /* Release */,
			);
			defaultConfigurationIsVisible = 0;
			defaultConfigurationName = Debug;
		};
/* End XCConfigurationList section */
	};
	rootObject = OBJ_1 /* Project object */;
}
